lockfileVersion: '6.0'

settings:
  autoInstallPeers: true
  excludeLinksFromLockfile: false

dependencies:
  react:
    specifier: ^18.3.1
    version: 18.3.1
  react-dom:
    specifier: ^18.3.1
    version: 18.3.1(react@18.3.1)

devDependencies:
  '@rsbuild/core':
    specifier: 1.0.0-alpha.5
    version: 1.0.0-alpha.5
  '@rsbuild/plugin-react':
    specifier: 1.0.0-alpha.5
    version: 1.0.0-alpha.5(@rsbuild/core@1.0.0-alpha.5)
  '@types/react':
    specifier: ^18.3.3
    version: 18.3.3
  '@types/react-dom':
    specifier: ^18.3.0
    version: 18.3.0
  typescript:
    specifier: ^5.5.2
    version: 5.5.2

packages:

  /@module-federation/runtime-tools@0.2.3:
    resolution: {integrity: sha512-capN8CVTCEqNAjnl102girrkevczoQfnQYyiYC4WuyKsg7+LUqfirIe1Eiyv6VSE2UgvOTZDnqvervA6rBOlmg==}
    dependencies:
      '@module-federation/runtime': 0.2.3
      '@module-federation/webpack-bundler-runtime': 0.2.3
    dev: true

  /@module-federation/runtime@0.2.3:
    resolution: {integrity: sha512-N+ZxBUb1mkmfO9XT1BwgYQgShtUTlijHbukqQ4afFka5lRAT+ayC7RKfHJLz0HbuexKPCmPBDfdmCnErR5WyTQ==}
    dependencies:
      '@module-federation/sdk': 0.2.3
    dev: true

  /@module-federation/sdk@0.2.3:
    resolution: {integrity: sha512-W9zrPchLocyCBc/B8CW21akcfJXLl++9xBe1L1EtgxZGfj/xwHt0GcBWE/y+QGvYTL2a1iZjwscbftbUhxgxXg==}
    dev: true

  /@module-federation/webpack-bundler-runtime@0.2.3:
    resolution: {integrity: sha512-L/jt2uJ+8dwYiyn9GxryzDR6tr/Wk8rpgvelM2EBeLIhu7YxCHSmSjQYhw3BTux9zZIr47d1K9fGjBFsVRd/SQ==}
    dependencies:
      '@module-federation/runtime': 0.2.3
      '@module-federation/sdk': 0.2.3
    dev: true

  /@rsbuild/core@1.0.0-alpha.5:
    resolution: {integrity: sha512-zcEwgzeuDHUjSpBBRMfk6+seYLZKLTFa89wdQuSSgylCfvAahfz/Pea5PoblzfSd1PP8Z/5h+Z0Er2WYS+GMWg==}
    engines: {node: '>=16.7.0'}
    hasBin: true
    dependencies:
      '@rspack/core': 1.0.0-alpha.1(@swc/helpers@0.5.11)
      '@swc/helpers': 0.5.11
      caniuse-lite: 1.0.30001640
      core-js: 3.37.1
      html-rspack-plugin: 5.8.0(@rspack/core@1.0.0-alpha.1)
      postcss: 8.4.39
    optionalDependencies:
      fsevents: 2.3.3
    dev: true

  /@rsbuild/plugin-react@1.0.0-alpha.5(@rsbuild/core@1.0.0-alpha.5):
    resolution: {integrity: sha512-zdt6MzFgTknsybQohSFWq+274O6mik0tCO9rKDJw8/tme3jNpOLxZXBoBMdoGKd+vm1z/SoWvHEtB37+U6MpVQ==}
    peerDependencies:
      '@rsbuild/core': ^1.0.0-alpha.5
    dependencies:
      '@rsbuild/core': 1.0.0-alpha.5
      '@rspack/plugin-react-refresh': 1.0.0-alpha.1(react-refresh@0.14.2)
      react-refresh: 0.14.2
    dev: true

  /@rspack/binding-darwin-arm64@1.0.0-alpha.1:
    resolution: {integrity: sha512-6ZbxlS5+29bvYqsEoPMvCnn6NxZPq8CucuDDSwuP/w0UH81DD2yf9Mtn7IYDBhjiS7wv9pF4NYr7oDpGfOksHA==}
    cpu: [arm64]
    os: [darwin]
    requiresBuild: true
    dev: true
    optional: true

  /@rspack/binding-darwin-x64@1.0.0-alpha.1:
    resolution: {integrity: sha512-4Y9xfwaTHJBTrq5uav/tOWvCMLcBG72SEi+XgVjsZOC2ZS2WNqg4z0QCRzmt+agdmlWuXTOMB2LpYxRLxBj9sg==}
    cpu: [x64]
    os: [darwin]
    requiresBuild: true
    dev: true
    optional: true

  /@rspack/binding-linux-arm64-gnu@1.0.0-alpha.1:
    resolution: {integrity: sha512-cew/WxOILZkTN1I+oWrt1BSnm3iK4/8DqX/6XxiUwCAmgfStZXB5NQS+SDIDBzFJ4I+NibLRMiJy5T9uCtOWzQ==}
    cpu: [arm64]
    os: [linux]
    requiresBuild: true
    dev: true
    optional: true

  /@rspack/binding-linux-arm64-musl@1.0.0-alpha.1:
    resolution: {integrity: sha512-+yLjjl8nkWRseQwwovaaLMshTKTep/5PSFN3nHtXPo/TsL1itDgUtM9XntTdeTdaIEgVyNGcb1dRARDoAq/vKw==}
    cpu: [arm64]
    os: [linux]
    requiresBuild: true
    dev: true
    optional: true

  /@rspack/binding-linux-x64-gnu@1.0.0-alpha.1:
    resolution: {integrity: sha512-QQfGCTrn76d6fVoWnn6tm2eYTSJe78wc3X4H92Js+ZhjcHVn5XSTeyqyb0Oq4+TRKmwAi39/wUgPsbSxQj9g5A==}
    cpu: [x64]
    os: [linux]
    requiresBuild: true
    dev: true
    optional: true

  /@rspack/binding-linux-x64-musl@1.0.0-alpha.1:
    resolution: {integrity: sha512-ZpVTXPjG5SLwKUYiwLR6XIlo/G4ZQHA6TBKFbPG3p9kZ0DYurGjt8bcjeiu9xP050XmTA0Hj5vS6zEdYtgE6bA==}
    cpu: [x64]
    os: [linux]
    requiresBuild: true
    dev: true
    optional: true

  /@rspack/binding-win32-arm64-msvc@1.0.0-alpha.1:
    resolution: {integrity: sha512-8wTNt1MgJgUMRJ2ySAToUZoeBJabOV/lqH2o1ypHdmirZ0aMno+C05XOmbrLhgZL2qKBROVt4VVa7+IlmvJ7yQ==}
    cpu: [arm64]
    os: [win32]
    requiresBuild: true
    dev: true
    optional: true

  /@rspack/binding-win32-ia32-msvc@1.0.0-alpha.1:
    resolution: {integrity: sha512-hfujEyp1+0yfAzShQJZUezdiHQ7KvTwC0T817/dQi4CdwoXWOuPnnYrb5JG5TAcagNttQNX2NFhVbeYQgj5c8Q==}
    cpu: [ia32]
    os: [win32]
    requiresBuild: true
    dev: true
    optional: true

  /@rspack/binding-win32-x64-msvc@1.0.0-alpha.1:
    resolution: {integrity: sha512-KMIosN4wdXVFb3RIBX7fEXBv5jfinK0PkYSv8aQcIAdyhm2mSI95aCpAFE8xhgGCeSwaZ2PCO0zBgO0ZldAc7Q==}
    cpu: [x64]
    os: [win32]
    requiresBuild: true
    dev: true
    optional: true

  /@rspack/binding@1.0.0-alpha.1:
    resolution: {integrity: sha512-3q3cN5kZZdaAnIrjVhkW2f2RbLpxgSp8ATs4P6fzUoKvuunU1v+KXbhPir/tKaKBXLgYH2h3i13tPDcuL3kA+A==}
    optionalDependencies:
      '@rspack/binding-darwin-arm64': 1.0.0-alpha.1
      '@rspack/binding-darwin-x64': 1.0.0-alpha.1
      '@rspack/binding-linux-arm64-gnu': 1.0.0-alpha.1
      '@rspack/binding-linux-arm64-musl': 1.0.0-alpha.1
      '@rspack/binding-linux-x64-gnu': 1.0.0-alpha.1
      '@rspack/binding-linux-x64-musl': 1.0.0-alpha.1
      '@rspack/binding-win32-arm64-msvc': 1.0.0-alpha.1
      '@rspack/binding-win32-ia32-msvc': 1.0.0-alpha.1
      '@rspack/binding-win32-x64-msvc': 1.0.0-alpha.1
    dev: true

  /@rspack/core@1.0.0-alpha.1(@swc/helpers@0.5.11):
    resolution: {integrity: sha512-UN6oAWnDJpouldf6UDuZZIc1GSgEgSAeeIQlpCwob9v+uuZ/NjJHvG7HCjxeHtkh1g9Oly8clOZA7gKOWtE4CA==}
    engines: {node: '>=16.0.0'}
    peerDependencies:
      '@swc/helpers': '>=0.5.1'
    peerDependenciesMeta:
      '@swc/helpers':
        optional: true
    dependencies:
      '@module-federation/runtime-tools': 0.2.3
      '@rspack/binding': 1.0.0-alpha.1
      '@rspack/lite-tapable': 1.0.0-alpha.1
      '@swc/helpers': 0.5.11
      caniuse-lite: 1.0.30001640
    dev: true

  /@rspack/lite-tapable@1.0.0-alpha.1:
    resolution: {integrity: sha512-vgY3jauZk+Pd6u6I5d4Rs9Q7hUtl5mClKG2Hn/FucFL4WK+1m6kssu/576WEY6HP5ptBPWlqcBbamzodai1q1g==}
    engines: {node: '>=16.0.0'}
    dev: true

  /@rspack/plugin-react-refresh@1.0.0-alpha.1(react-refresh@0.14.2):
    resolution: {integrity: sha512-lIQBT3xbaf8wStCt8gRI2LUoYTYix3Z4GYqQGjVGX66ypGliIR5N7yfs318nbjzD7mr5KJmv6H4XG+AtXrElYQ==}
    peerDependencies:
      react-refresh: '>=0.10.0 <1.0.0'
    peerDependenciesMeta:
      react-refresh:
        optional: true
    dependencies:
      error-stack-parser: 2.1.4
      html-entities: 2.5.2
      react-refresh: 0.14.2
    dev: true

  /@swc/helpers@0.5.11:
    resolution: {integrity: sha512-YNlnKRWF2sVojTpIyzwou9XoTNbzbzONwRhOoniEioF1AtaitTvVZblaQRrAzChWQ1bLYyYSWzM18y4WwgzJ+A==}
    dependencies:
      tslib: 2.6.3
    dev: true

  /@types/prop-types@15.7.12:
    resolution: {integrity: sha512-5zvhXYtRNRluoE/jAp4GVsSduVUzNWKkOZrCDBWYtE7biZywwdC2AcEzg+cSMLFRfVgeAFqpfNabiPjxFddV1Q==}
    dev: true

  /@types/react-dom@18.3.0:
    resolution: {integrity: sha512-EhwApuTmMBmXuFOikhQLIBUn6uFg81SwLMOAUgodJF14SOBOCMdU04gDoYi0WOJJHD144TL32z4yDqCW3dnkQg==}
    dependencies:
      '@types/react': 18.3.3
    dev: true

  /@types/react@18.3.3:
    resolution: {integrity: sha512-hti/R0pS0q1/xx+TsI73XIqk26eBsISZ2R0wUijXIngRK9R/e7Xw/cXVxQK7R5JjW+SV4zGcn5hXjudkN/pLIw==}
    dependencies:
      '@types/prop-types': 15.7.12
      csstype: 3.1.3
    dev: true

  /caniuse-lite@1.0.30001640:
    resolution: {integrity: sha512-lA4VMpW0PSUrFnkmVuEKBUovSWKhj7puyCg8StBChgu298N1AtuF1sKWEvfDuimSEDbhlb/KqPKC3fs1HbuQUA==}
    dev: true

  /core-js@3.37.1:
    resolution: {integrity: sha512-Xn6qmxrQZyB0FFY8E3bgRXei3lWDJHhvI+u0q9TKIYM49G8pAr0FgnnrFRAmsbptZL1yxRADVXn+x5AGsbBfyw==}
    requiresBuild: true
    dev: true

  /csstype@3.1.3:
    resolution: {integrity: sha512-M1uQkMl8rQK/szD0LNhtqxIPLpimGm8sOBwU7lLnCpSbTyY3yeU1Vc7l4KT5zT4s/yOxHH5O7tIuuLOCnLADRw==}
    dev: true

  /error-stack-parser@2.1.4:
    resolution: {integrity: sha512-Sk5V6wVazPhq5MhpO+AUxJn5x7XSXGl1R93Vn7i+zS15KDVxQijejNCrz8340/2bgLBjR9GtEG8ZVKONDjcqGQ==}
    dependencies:
      stackframe: 1.3.4
    dev: true

  /fsevents@2.3.3:
    resolution: {integrity: sha512-5xoDfX+fL7faATnagmWPpbFtwh/R77WmMMqqHGS65C3vvB0YHrgF+B1YmZ3441tMj5n63k0212XNoJwzlhffQw==}
    engines: {node: ^8.16.0 || ^10.6.0 || >=11.0.0}
    os: [darwin]
    requiresBuild: true
    dev: true
    optional: true

  /html-entities@2.5.2:
    resolution: {integrity: sha512-K//PSRMQk4FZ78Kyau+mZurHn3FH0Vwr+H36eE0rPbeYkRRi9YxceYPhuN60UwWorxyKHhqoAJl2OFKa4BVtaA==}
    dev: true

  /html-rspack-plugin@5.8.0(@rspack/core@1.0.0-alpha.1):
    resolution: {integrity: sha512-ilfK60cxmBzglkHw91SlHDwbTd8uS7+poG12ueuwn012XPdFq8jU0pFuGEqoryJ+1l/uQuVffJ2jlpJDlhJBsg==}
    engines: {node: '>=10.13.0'}
    peerDependencies:
      '@rspack/core': 0.x || 1.x
    peerDependenciesMeta:
      '@rspack/core':
        optional: true
    dependencies:
      '@rspack/core': 1.0.0-alpha.1(@swc/helpers@0.5.11)
    dev: true

  /js-tokens@4.0.0:
    resolution: {integrity: sha512-RdJUflcE3cUzKiMqQgsCu06FPu9UdIJO0beYbPhHN4k6apgJtifcoCtT9bcxOpYBtpD2kCM6Sbzg4CausW/PKQ==}
    dev: false

  /loose-envify@1.4.0:
    resolution: {integrity: sha512-lyuxPGr/Wfhrlem2CL/UcnUc1zcqKAImBDzukY7Y5F/yQiNdko6+fRLevlw1HgMySw7f611UIY408EtxRSoK3Q==}
    hasBin: true
    dependencies:
      js-tokens: 4.0.0
    dev: false

  /nanoid@3.3.7:
    resolution: {integrity: sha512-eSRppjcPIatRIMC1U6UngP8XFcz8MQWGQdt1MTBQ7NaAmvXDfvNxbvWV3x2y6CdEUciCSsDHDQZbhYaB8QEo2g==}
    engines: {node: ^10 || ^12 || ^13.7 || ^14 || >=15.0.1}
    hasBin: true
    dev: true

  /picocolors@1.0.1:
    resolution: {integrity: sha512-anP1Z8qwhkbmu7MFP5iTt+wQKXgwzf7zTyGlcdzabySa9vd0Xt392U0rVmz9poOaBj0uHJKyyo9/upk0HrEQew==}
    dev: true

  /postcss@8.4.39:
    resolution: {integrity: sha512-0vzE+lAiG7hZl1/9I8yzKLx3aR9Xbof3fBHKunvMfOCYAtMhrsnccJY2iTURb9EZd5+pLuiNV9/c/GZJOHsgIw==}
    engines: {node: ^10 || ^12 || >=14}
    dependencies:
      nanoid: 3.3.7
      picocolors: 1.0.1
      source-map-js: 1.2.0
    dev: true

  /react-dom@18.3.1(react@18.3.1):
    resolution: {integrity: sha512-5m4nQKp+rZRb09LNH59GM4BxTh9251/ylbKIbpe7TpGxfJ+9kv6BLkLBXIjjspbgbnIBNqlI23tRnTWT0snUIw==}
    peerDependencies:
      react: ^18.3.1
    dependencies:
      loose-envify: 1.4.0
      react: 18.3.1
      scheduler: 0.23.2
    dev: false

  /react-refresh@0.14.2:
    resolution: {integrity: sha512-jCvmsr+1IUSMUyzOkRcvnVbX3ZYC6g9TDrDbFuFmRDq7PD4yaGbLKNQL6k2jnArV8hjYxh7hVhAZB6s9HDGpZA==}
    engines: {node: '>=0.10.0'}
    dev: true

  /react@18.3.1:
    resolution: {integrity: sha512-wS+hAgJShR0KhEvPJArfuPVN1+Hz1t0Y6n5jLrGQbkb4urgPE/0Rve+1kMB1v/oWgHgm4WIcV+i7F2pTVj+2iQ==}
    engines: {node: '>=0.10.0'}
    dependencies:
      loose-envify: 1.4.0
    dev: false

  /scheduler@0.23.2:
    resolution: {integrity: sha512-UOShsPwz7NrMUqhR6t0hWjFduvOzbtv7toDH1/hIrfRNIDBnnBWd0CwJTGvTpngVlmwGCdP9/Zl/tVrDqcuYzQ==}
    dependencies:
      loose-envify: 1.4.0
    dev: false

  /source-map-js@1.2.0:
    resolution: {integrity: sha512-itJW8lvSA0TXEphiRoawsCksnlf8SyvmFzIhltqAHluXd88pkCd+cXJVHTDwdCr0IzwptSm035IHQktUu1QUMg==}
    engines: {node: '>=0.10.0'}
    dev: true

  /stackframe@1.3.4:
    resolution: {integrity: sha512-oeVtt7eWQS+Na6F//S4kJ2K2VbRlS9D43mAlMyVpVWovy9o+jfgH8O9agzANzaiLjclA0oYzUXEM4PurhSUChw==}
    dev: true

  /tslib@2.6.3:
    resolution: {integrity: sha512-xNvxJEOUiWPGhUuUdQgAJPKOOJfGnIyKySOc09XkKsgdUV/3E2zvwZYdejjmRgPCgcym1juLH3226yA7sEFJKQ==}
    dev: true

  /typescript@5.5.2:
    resolution: {integrity: sha512-NcRtPEOsPFFWjobJEtfihkLCZCXZt/os3zf8nTxjVH3RvTSxjrCamJpbExGvYOF+tFHc3pA65qpdwPbzjohhew==}
    engines: {node: '>=14.17'}
    hasBin: true
    dev: true
